// !$*UTF8*$!
{
	archiveVersion = 1;
	classes = {
	};
	objectVersion = 70;
	objects = {

/* Begin PBXBuildFile section */
		7D2623132D6D3D89004D1B86 /* KeychainAccess in Frameworks */ = {isa = PBXBuildFile; productRef = 7D2623122D6D3D89004D1B86 /* KeychainAccess */; };
		7D47C1DC2DD69FA000D966E9 /* FirebaseAnalytics in Frameworks */ = {isa = PBXBuildFile; productRef = 7D47C1DB2DD69FA000D966E9 /* FirebaseAnalytics */; };
		7D47C1DE2DD69FA000D966E9 /* FirebaseAnalyticsOnDeviceConversion in Frameworks */ = {isa = PBXBuildFile; productRef = 7D47C1DD2DD69FA000D966E9 /* FirebaseAnalyticsOnDeviceConversion */; };
		7D47C1E02DD69FA000D966E9 /* FirebaseAnalyticsWithoutAdIdSupport in Frameworks */ = {isa = PBXBuildFile; productRef = 7D47C1DF2DD69FA000D966E9 /* FirebaseAnalyticsWithoutAdIdSupport */; };
		7D47C1E22DD69FA000D966E9 /* FirebaseCore in Frameworks */ = {isa = PBXBuildFile; productRef = 7D47C1E12DD69FA000D966E9 /* FirebaseCore */; };
		7D47C1E42DD69FA000D966E9 /* FirebaseCrashlytics in Frameworks */ = {isa = PBXBuildFile; productRef = 7D47C1E32DD69FA000D966E9 /* FirebaseCrashlytics */; };
		7D47C1E62DD69FA000D966E9 /* FirebaseFirestore in Frameworks */ = {isa = PBXBuildFile; productRef = 7D47C1E52DD69FA000D966E9 /* FirebaseFirestore */; };
		7D47C1E82DD69FA000D966E9 /* FirebaseMessaging in Frameworks */ = {isa = PBXBuildFile; productRef = 7D47C1E72DD69FA000D966E9 /* FirebaseMessaging */; };
		7D47C1EA2DD6A05400D966E9 /* FirebaseAuth in Frameworks */ = {isa = PBXBuildFile; productRef = 7D47C1E92DD6A05400D966E9 /* FirebaseAuth */; };
		7D47C1EC2DD6A06F00D966E9 /* FirebaseAuth in Frameworks */ = {isa = PBXBuildFile; productRef = 7D47C1EB2DD6A06F00D966E9 /* FirebaseAuth */; };
		7D47C2B32DD6A60500D966E9 /* FirebaseAnalytics in Frameworks */ = {isa = PBXBuildFile; productRef = 7D47C2B22DD6A60500D966E9 /* FirebaseAnalytics */; };
		7D47C2B52DD6A60500D966E9 /* FirebaseAuth in Frameworks */ = {isa = PBXBuildFile; productRef = 7D47C2B42DD6A60500D966E9 /* FirebaseAuth */; };
		7D47C2B72DD6A60500D966E9 /* FirebaseCore in Frameworks */ = {isa = PBXBuildFile; productRef = 7D47C2B62DD6A60500D966E9 /* FirebaseCore */; };
		7D47C2B92DD6A60500D966E9 /* FirebaseFirestore in Frameworks */ = {isa = PBXBuildFile; productRef = 7D47C2B82DD6A60500D966E9 /* FirebaseFirestore */; };
		7D47C2BB2DD6A60500D966E9 /* FirebaseFirestoreCombine-Community in Frameworks */ = {isa = PBXBuildFile; productRef = 7D47C2BA2DD6A60500D966E9 /* FirebaseFirestoreCombine-Community */; };
		7DA4D8152DC18E3600E84241 /* SwiftTranslate in Frameworks */ = {isa = PBXBuildFile; productRef = 7DA4D8142DC18E3600E84241 /* SwiftTranslate */; };
/* End PBXBuildFile section */

/* Begin PBXFileReference section */
		7DA172892CC06DC100B3C6E6 /* ColorwordSUI.app */ = {isa = PBXFileReference; explicitFileType = wrapper.application; includeInIndex = 0; path = ColorwordSUI.app; sourceTree = BUILT_PRODUCTS_DIR; };
		B210EB17CCDFCE0CA7D836CF /* Pods_ColorwordSUI.framework */ = {isa = PBXFileReference; explicitFileType = wrapper.framework; includeInIndex = 0; path = Pods_ColorwordSUI.framework; sourceTree = BUILT_PRODUCTS_DIR; };
/* End PBXFileReference section */

/* Begin PBXFileSystemSynchronizedRootGroup section */
		7DA5BCCA2CDD830A00162EF8 /* ColorwordSUI */ = {isa = PBXFileSystemSynchronizedRootGroup; explicitFileTypes = {}; explicitFolders = (); path = ColorwordSUI; sourceTree = "<group>"; };
/* End PBXFileSystemSynchronizedRootGroup section */

/* Begin PBXFrameworksBuildPhase section */
		7DA172862CC06DC100B3C6E6 /* Frameworks */ = {
			isa = PBXFrameworksBuildPhase;
			buildActionMask = 2147483647;
			files = (
				7D2623132D6D3D89004D1B86 /* KeychainAccess in Frameworks */,
				7D47C1E02DD69FA000D966E9 /* FirebaseAnalyticsWithoutAdIdSupport in Frameworks */,
				7D47C2B32DD6A60500D966E9 /* FirebaseAnalytics in Frameworks */,
				7D47C1E82DD69FA000D966E9 /* FirebaseMessaging in Frameworks */,
				7D47C2B72DD6A60500D966E9 /* FirebaseCore in Frameworks */,
				7DA4D8152DC18E3600E84241 /* SwiftTranslate in Frameworks */,
				7D47C1DE2DD69FA000D966E9 /* FirebaseAnalyticsOnDeviceConversion in Frameworks */,
				7D47C1E22DD69FA000D966E9 /* FirebaseCore in Frameworks */,
				7D47C2B92DD6A60500D966E9 /* FirebaseFirestore in Frameworks */,
				7D47C2BB2DD6A60500D966E9 /* FirebaseFirestoreCombine-Community in Frameworks */,
				7D47C1E62DD69FA000D966E9 /* FirebaseFirestore in Frameworks */,
				7D47C1EC2DD6A06F00D966E9 /* FirebaseAuth in Frameworks */,
				7D47C1EA2DD6A05400D966E9 /* FirebaseAuth in Frameworks */,
				7D47C2B52DD6A60500D966E9 /* FirebaseAuth in Frameworks */,
				7D47C1E42DD69FA000D966E9 /* FirebaseCrashlytics in Frameworks */,
				7D47C1DC2DD69FA000D966E9 /* FirebaseAnalytics in Frameworks */,
			);
			runOnlyForDeploymentPostprocessing = 0;
		};
/* End PBXFrameworksBuildPhase section */

/* Begin PBXGroup section */
		4999EA8704E363129FB60D98 /* Frameworks */ = {
			isa = PBXGroup;
			children = (
				B210EB17CCDFCE0CA7D836CF /* Pods_ColorwordSUI.framework */,
			);
			name = Frameworks;
			sourceTree = "<group>";
		};
		7DA172802CC06DC100B3C6E6 = {
			isa = PBXGroup;
			children = (
				7DA5BCCA2CDD830A00162EF8 /* ColorwordSUI */,
				7DA1728A2CC06DC100B3C6E6 /* Products */,
				4999EA8704E363129FB60D98 /* Frameworks */,
			);
			sourceTree = "<group>";
		};
		7DA1728A2CC06DC100B3C6E6 /* Products */ = {
			isa = PBXGroup;
			children = (
				7DA172892CC06DC100B3C6E6 /* ColorwordSUI.app */,
			);
			name = Products;
			sourceTree = "<group>";
		};
/* End PBXGroup section */

/* Begin PBXNativeTarget section */
		7DA172882CC06DC100B3C6E6 /* ColorwordSUI */ = {
			isa = PBXNativeTarget;
			buildConfigurationList = 7DA172972CC06DC300B3C6E6 /* Build configuration list for PBXNativeTarget "ColorwordSUI" */;
			buildPhases = (
				7DA172852CC06DC100B3C6E6 /* Sources */,
				7DA172862CC06DC100B3C6E6 /* Frameworks */,
				7DA172872CC06DC100B3C6E6 /* Resources */,
			);
			buildRules = (
			);
			dependencies = (
			);
			fileSystemSynchronizedGroups = (
				7DA5BCCA2CDD830A00162EF8 /* ColorwordSUI */,
			);
			name = ColorwordSUI;
			productName = ColorwordSUI;
			productReference = 7DA172892CC06DC100B3C6E6 /* ColorwordSUI.app */;
			productType = "com.apple.product-type.application";
		};
/* End PBXNativeTarget section */

/* Begin PBXProject section */
		7DA172812CC06DC100B3C6E6 /* Project object */ = {
			isa = PBXProject;
			attributes = {
				BuildIndependentTargetsInParallel = 1;
				LastSwiftUpdateCheck = 1600;
				LastUpgradeCheck = 1600;
				TargetAttributes = {
					7DA172882CC06DC100B3C6E6 = {
						CreatedOnToolsVersion = 16.0;
					};
				};
			};
			buildConfigurationList = 7DA172842CC06DC100B3C6E6 /* Build configuration list for PBXProject "ColorwordSUI" */;
			compatibilityVersion = "Xcode 14.0";
			developmentRegion = en;
			hasScannedForEncodings = 0;
			knownRegions = (
				en,
				Base,
				tr,
			);
			mainGroup = 7DA172802CC06DC100B3C6E6;
			packageReferences = (
				7D2623112D6D3D89004D1B86 /* XCRemoteSwiftPackageReference "KeychainAccess" */,
				7DA4D8132DC18E3600E84241 /* XCRemoteSwiftPackageReference "SwiftTranslate" */,
				7D47C1DA2DD69FA000D966E9 /* XCRemoteSwiftPackageReference "firebase-ios-sdk" */,
			);
			productRefGroup = 7DA1728A2CC06DC100B3C6E6 /* Products */;
			projectDirPath = "";
			projectRoot = "";
			targets = (
				7DA172882CC06DC100B3C6E6 /* ColorwordSUI */,
			);
		};
/* End PBXProject section */

/* Begin PBXResourcesBuildPhase section */
		7DA172872CC06DC100B3C6E6 /* Resources */ = {
			isa = PBXResourcesBuildPhase;
			buildActionMask = 2147483647;
			files = (
			);
			runOnlyForDeploymentPostprocessing = 0;
		};
/* End PBXResourcesBuildPhase section */

/* Begin PBXSourcesBuildPhase section */
		7DA172852CC06DC100B3C6E6 /* Sources */ = {
			isa = PBXSourcesBuildPhase;
			buildActionMask = 2147483647;
			files = (
			);
			runOnlyForDeploymentPostprocessing = 0;
		};
/* End PBXSourcesBuildPhase section */

/* Begin XCBuildConfiguration section */
		7DA172952CC06DC300B3C6E6 /* Debug */ = {
			isa = XCBuildConfiguration;
			buildSettings = {
				ALWAYS_SEARCH_USER_PATHS = NO;
				ASSETCATALOG_COMPILER_GENERATE_SWIFT_ASSET_SYMBOL_EXTENSIONS = YES;
				CLANG_ANALYZER_LOCALIZABILITY_NONLOCALIZED = YES;
				CLANG_ANALYZER_NONNULL = YES;
				CLANG_ANALYZER_NUMBER_OBJECT_CONVERSION = YES_AGGRESSIVE;
				CLANG_CXX_LANGUAGE_STANDARD = "gnu++20";
				CLANG_ENABLE_MODULES = YES;
				CLANG_ENABLE_OBJC_ARC = YES;
				CLANG_ENABLE_OBJC_WEAK = YES;
				CLANG_WARN_BLOCK_CAPTURE_AUTORELEASING = YES;
				CLANG_WARN_BOOL_CONVERSION = YES;
				CLANG_WARN_COMMA = YES;
				CLANG_WARN_CONSTANT_CONVERSION = YES;
				CLANG_WARN_DEPRECATED_OBJC_IMPLEMENTATIONS = YES;
				CLANG_WARN_DIRECT_OBJC_ISA_USAGE = YES_ERROR;
				CLANG_WARN_DOCUMENTATION_COMMENTS = YES;
				CLANG_WARN_EMPTY_BODY = YES;
				CLANG_WARN_ENUM_CONVERSION = YES;
				CLANG_WARN_INFINITE_RECURSION = YES;
				CLANG_WARN_INT_CONVERSION = YES;
				CLANG_WARN_NON_LITERAL_NULL_CONVERSION = YES;
				CLANG_WARN_OBJC_IMPLICIT_RETAIN_SELF = YES;
				CLANG_WARN_OBJC_LITERAL_CONVERSION = YES;
				CLANG_WARN_OBJC_ROOT_CLASS = YES_ERROR;
				CLANG_WARN_QUOTED_INCLUDE_IN_FRAMEWORK_HEADER = YES;
				CLANG_WARN_RANGE_LOOP_ANALYSIS = YES;
				CLANG_WARN_STRICT_PROTOTYPES = YES;
				CLANG_WARN_SUSPICIOUS_MOVE = YES;
				CLANG_WARN_UNGUARDED_AVAILABILITY = YES_AGGRESSIVE;
				CLANG_WARN_UNREACHABLE_CODE = YES;
				CLANG_WARN__DUPLICATE_METHOD_MATCH = YES;
				COPY_PHASE_STRIP = NO;
				DEBUG_INFORMATION_FORMAT = dwarf;
				ENABLE_STRICT_OBJC_MSGSEND = YES;
				ENABLE_TESTABILITY = YES;
				ENABLE_USER_SCRIPT_SANDBOXING = YES;
				GCC_C_LANGUAGE_STANDARD = gnu17;
				GCC_DYNAMIC_NO_PIC = NO;
				GCC_NO_COMMON_BLOCKS = YES;
				GCC_OPTIMIZATION_LEVEL = 0;
				GCC_PREPROCESSOR_DEFINITIONS = (
					"DEBUG=1",
					"$(inherited)",
				);
				GCC_WARN_64_TO_32_BIT_CONVERSION = YES;
				GCC_WARN_ABOUT_RETURN_TYPE = YES_ERROR;
				GCC_WARN_UNDECLARED_SELECTOR = YES;
				GCC_WARN_UNINITIALIZED_AUTOS = YES_AGGRESSIVE;
				GCC_WARN_UNUSED_FUNCTION = YES;
				GCC_WARN_UNUSED_VARIABLE = YES;
				IPHONEOS_DEPLOYMENT_TARGET = 17.6;
				LOCALIZATION_PREFERS_STRING_CATALOGS = YES;
				MTL_ENABLE_DEBUG_INFO = INCLUDE_SOURCE;
				MTL_FAST_MATH = YES;
				ONLY_ACTIVE_ARCH = YES;
				SDKROOT = iphoneos;
				SWIFT_ACTIVE_COMPILATION_CONDITIONS = "DEBUG $(inherited)";
				SWIFT_EMIT_LOC_STRINGS = YES;
				SWIFT_OPTIMIZATION_LEVEL = "-Onone";
			};
			name = Debug;
		};
		7DA172962CC06DC300B3C6E6 /* Release */ = {
			isa = XCBuildConfiguration;
			buildSettings = {
				ALWAYS_SEARCH_USER_PATHS = NO;
				ASSETCATALOG_COMPILER_GENERATE_SWIFT_ASSET_SYMBOL_EXTENSIONS = YES;
				CLANG_ANALYZER_LOCALIZABILITY_NONLOCALIZED = YES;
				CLANG_ANALYZER_NONNULL = YES;
				CLANG_ANALYZER_NUMBER_OBJECT_CONVERSION = YES_AGGRESSIVE;
				CLANG_CXX_LANGUAGE_STANDARD = "gnu++20";
				CLANG_ENABLE_MODULES = YES;
				CLANG_ENABLE_OBJC_ARC = YES;
				CLANG_ENABLE_OBJC_WEAK = YES;
				CLANG_WARN_BLOCK_CAPTURE_AUTORELEASING = YES;
				CLANG_WARN_BOOL_CONVERSION = YES;
				CLANG_WARN_COMMA = YES;
				CLANG_WARN_CONSTANT_CONVERSION = YES;
				CLANG_WARN_DEPRECATED_OBJC_IMPLEMENTATIONS = YES;
				CLANG_WARN_DIRECT_OBJC_ISA_USAGE = YES_ERROR;
				CLANG_WARN_DOCUMENTATION_COMMENTS = YES;
				CLANG_WARN_EMPTY_BODY = YES;
				CLANG_WARN_ENUM_CONVERSION = YES;
				CLANG_WARN_INFINITE_RECURSION = YES;
				CLANG_WARN_INT_CONVERSION = YES;
				CLANG_WARN_NON_LITERAL_NULL_CONVERSION = YES;
				CLANG_WARN_OBJC_IMPLICIT_RETAIN_SELF = YES;
				CLANG_WARN_OBJC_LITERAL_CONVERSION = YES;
				CLANG_WARN_OBJC_ROOT_CLASS = YES_ERROR;
				CLANG_WARN_QUOTED_INCLUDE_IN_FRAMEWORK_HEADER = YES;
				CLANG_WARN_RANGE_LOOP_ANALYSIS = YES;
				CLANG_WARN_STRICT_PROTOTYPES = YES;
				CLANG_WARN_SUSPICIOUS_MOVE = YES;
				CLANG_WARN_UNGUARDED_AVAILABILITY = YES_AGGRESSIVE;
				CLANG_WARN_UNREACHABLE_CODE = YES;
				CLANG_WARN__DUPLICATE_METHOD_MATCH = YES;
				COPY_PHASE_STRIP = NO;
				DEBUG_INFORMATION_FORMAT = "dwarf-with-dsym";
				ENABLE_NS_ASSERTIONS = NO;
				ENABLE_STRICT_OBJC_MSGSEND = YES;
				ENABLE_USER_SCRIPT_SANDBOXING = YES;
				GCC_C_LANGUAGE_STANDARD = gnu17;
				GCC_NO_COMMON_BLOCKS = YES;
				GCC_WARN_64_TO_32_BIT_CONVERSION = YES;
				GCC_WARN_ABOUT_RETURN_TYPE = YES_ERROR;
				GCC_WARN_UNDECLARED_SELECTOR = YES;
				GCC_WARN_UNINITIALIZED_AUTOS = YES_AGGRESSIVE;
				GCC_WARN_UNUSED_FUNCTION = YES;
				GCC_WARN_UNUSED_VARIABLE = YES;
				IPHONEOS_DEPLOYMENT_TARGET = 17.6;
				LOCALIZATION_PREFERS_STRING_CATALOGS = YES;
				MTL_ENABLE_DEBUG_INFO = NO;
				MTL_FAST_MATH = YES;
				SDKROOT = iphoneos;
				SWIFT_COMPILATION_MODE = wholemodule;
				SWIFT_EMIT_LOC_STRINGS = YES;
				VALIDATE_PRODUCT = YES;
			};
			name = Release;
		};
		7DA172982CC06DC300B3C6E6 /* Debug */ = {
			isa = XCBuildConfiguration;
			buildSettings = {
				ASSETCATALOG_COMPILER_APPICON_NAME = AppIcon;
				ASSETCATALOG_COMPILER_GLOBAL_ACCENT_COLOR_NAME = AccentColor;
				CODE_SIGN_STYLE = Automatic;
				CURRENT_PROJECT_VERSION = 1;
				DEVELOPMENT_ASSET_PATHS = "\"ColorwordSUI/Preview Content\"";
				ENABLE_PREVIEWS = YES;
				ENABLE_USER_SCRIPT_SANDBOXING = NO;
				GENERATE_INFOPLIST_FILE = YES;
				INFOPLIST_KEY_UIApplicationSceneManifest_Generation = YES;
				INFOPLIST_KEY_UIApplicationSupportsIndirectInputEvents = YES;
				INFOPLIST_KEY_UILaunchScreen_Generation = YES;
				INFOPLIST_KEY_UISupportedInterfaceOrientations_iPad = "UIInterfaceOrientationPortrait UIInterfaceOrientationPortraitUpsideDown UIInterfaceOrientationLandscapeLeft UIInterfaceOrientationLandscapeRight";
				INFOPLIST_KEY_UISupportedInterfaceOrientations_iPhone = "UIInterfaceOrientationPortrait UIInterfaceOrientationLandscapeLeft UIInterfaceOrientationLandscapeRight";
				IPHONEOS_DEPLOYMENT_TARGET = 17.6;
				LD_RUNPATH_SEARCH_PATHS = (
					"$(inherited)",
					"@executable_path/Frameworks",
				);
				MARKETING_VERSION = 1.0;
				PRODUCT_BUNDLE_IDENTIFIER = com.egemenocakli.ColorwordSUI;
				PRODUCT_NAME = "$(TARGET_NAME)";
				SWIFT_EMIT_LOC_STRINGS = YES;
				SWIFT_VERSION = 5.0;
				TARGETED_DEVICE_FAMILY = "1,2";
			};
			name = Debug;
		};
		7DA172992CC06DC300B3C6E6 /* Release */ = {
			isa = XCBuildConfiguration;
			buildSettings = {
				ASSETCATALOG_COMPILER_APPICON_NAME = AppIcon;
				ASSETCATALOG_COMPILER_GLOBAL_ACCENT_COLOR_NAME = AccentColor;
				CODE_SIGN_STYLE = Automatic;
				CURRENT_PROJECT_VERSION = 1;
				DEVELOPMENT_ASSET_PATHS = "\"ColorwordSUI/Preview Content\"";
				ENABLE_PREVIEWS = YES;
				ENABLE_USER_SCRIPT_SANDBOXING = NO;
				GENERATE_INFOPLIST_FILE = YES;
				INFOPLIST_KEY_UIApplicationSceneManifest_Generation = YES;
				INFOPLIST_KEY_UIApplicationSupportsIndirectInputEvents = YES;
				INFOPLIST_KEY_UILaunchScreen_Generation = YES;
				INFOPLIST_KEY_UISupportedInterfaceOrientations_iPad = "UIInterfaceOrientationPortrait UIInterfaceOrientationPortraitUpsideDown UIInterfaceOrientationLandscapeLeft UIInterfaceOrientationLandscapeRight";
				INFOPLIST_KEY_UISupportedInterfaceOrientations_iPhone = "UIInterfaceOrientationPortrait UIInterfaceOrientationLandscapeLeft UIInterfaceOrientationLandscapeRight";
				IPHONEOS_DEPLOYMENT_TARGET = 17.6;
				LD_RUNPATH_SEARCH_PATHS = (
					"$(inherited)",
					"@executable_path/Frameworks",
				);
				MARKETING_VERSION = 1.0;
				PRODUCT_BUNDLE_IDENTIFIER = com.egemenocakli.ColorwordSUI;
				PRODUCT_NAME = "$(TARGET_NAME)";
				SWIFT_EMIT_LOC_STRINGS = YES;
				SWIFT_VERSION = 5.0;
				TARGETED_DEVICE_FAMILY = "1,2";
			};
			name = Release;
		};
/* End XCBuildConfiguration section */

/* Begin XCConfigurationList section */
		7DA172842CC06DC100B3C6E6 /* Build configuration list for PBXProject "ColorwordSUI" */ = {
			isa = XCConfigurationList;
			buildConfigurations = (
				7DA172952CC06DC300B3C6E6 /* Debug */,
				7DA172962CC06DC300B3C6E6 /* Release */,
			);
			defaultConfigurationIsVisible = 0;
			defaultConfigurationName = Release;
		};
		7DA172972CC06DC300B3C6E6 /* Build configuration list for PBXNativeTarget "ColorwordSUI" */ = {
			isa = XCConfigurationList;
			buildConfigurations = (
				7DA172982CC06DC300B3C6E6 /* Debug */,
				7DA172992CC06DC300B3C6E6 /* Release */,
			);
			defaultConfigurationIsVisible = 0;
			defaultConfigurationName = Release;
		};
/* End XCConfigurationList section */

/* Begin XCRemoteSwiftPackageReference section */
		7D2623112D6D3D89004D1B86 /* XCRemoteSwiftPackageReference "KeychainAccess" */ = {
			isa = XCRemoteSwiftPackageReference;
			repositoryURL = "https://github.com/kishikawakatsumi/KeychainAccess.git";
			requirement = {
				kind = upToNextMajorVersion;
				minimumVersion = 4.1.0;
			};
		};
		7D47C1DA2DD69FA000D966E9 /* XCRemoteSwiftPackageReference "firebase-ios-sdk" */ = {
			isa = XCRemoteSwiftPackageReference;
			repositoryURL = "https://github.com/firebase/firebase-ios-sdk";
			requirement = {
				kind = upToNextMajorVersion;
				minimumVersion = 11.12.0;
			};
		};
		7DA4D8132DC18E3600E84241 /* XCRemoteSwiftPackageReference "SwiftTranslate" */ = {
			isa = XCRemoteSwiftPackageReference;
			repositoryURL = "https://github.com/SkiingIsFun123/SwiftTranslate";
			requirement = {
				kind = upToNextMajorVersion;
				minimumVersion = 1.0.0;
			};
		};
/* End XCRemoteSwiftPackageReference section */

/* Begin XCSwiftPackageProductDependency section */
		7D2623122D6D3D89004D1B86 /* KeychainAccess */ = {
			isa = XCSwiftPackageProductDependency;
			package = 7D2623112D6D3D89004D1B86 /* XCRemoteSwiftPackageReference "KeychainAccess" */;
			productName = KeychainAccess;
		};
		7D47C1DB2DD69FA000D966E9 /* FirebaseAnalytics */ = {
			isa = XCSwiftPackageProductDependency;
			package = 7D47C1DA2DD69FA000D966E9 /* XCRemoteSwiftPackageReference "firebase-ios-sdk" */;
			productName = FirebaseAnalytics;
		};
		7D47C1DD2DD69FA000D966E9 /* FirebaseAnalyticsOnDeviceConversion */ = {
			isa = XCSwiftPackageProductDependency;
			package = 7D47C1DA2DD69FA000D966E9 /* XCRemoteSwiftPackageReference "firebase-ios-sdk" */;
			productName = FirebaseAnalyticsOnDeviceConversion;
		};
		7D47C1DF2DD69FA000D966E9 /* FirebaseAnalyticsWithoutAdIdSupport */ = {
			isa = XCSwiftPackageProductDependency;
			package = 7D47C1DA2DD69FA000D966E9 /* XCRemoteSwiftPackageReference "firebase-ios-sdk" */;
			productName = FirebaseAnalyticsWithoutAdIdSupport;
		};
		7D47C1E12DD69FA000D966E9 /* FirebaseCore */ = {
			isa = XCSwiftPackageProductDependency;
			package = 7D47C1DA2DD69FA000D966E9 /* XCRemoteSwiftPackageReference "firebase-ios-sdk" */;
			productName = FirebaseCore;
		};
		7D47C1E32DD69FA000D966E9 /* FirebaseCrashlytics */ = {
			isa = XCSwiftPackageProductDependency;
			package = 7D47C1DA2DD69FA000D966E9 /* XCRemoteSwiftPackageReference "firebase-ios-sdk" */;
			productName = FirebaseCrashlytics;
		};
		7D47C1E52DD69FA000D966E9 /* FirebaseFirestore */ = {
			isa = XCSwiftPackageProductDependency;
			package = 7D47C1DA2DD69FA000D966E9 /* XCRemoteSwiftPackageReference "firebase-ios-sdk" */;
			productName = FirebaseFirestore;
		};
		7D47C1E72DD69FA000D966E9 /* FirebaseMessaging */ = {
			isa = XCSwiftPackageProductDependency;
			package = 7D47C1DA2DD69FA000D966E9 /* XCRemoteSwiftPackageReference "firebase-ios-sdk" */;
			productName = FirebaseMessaging;
		};
		7D47C1E92DD6A05400D966E9 /* FirebaseAuth */ = {
			isa = XCSwiftPackageProductDependency;
			package = 7D47C1DA2DD69FA000D966E9 /* XCRemoteSwiftPackageReference "firebase-ios-sdk" */;
			productName = FirebaseAuth;
		};
		7D47C1EB2DD6A06F00D966E9 /* FirebaseAuth */ = {
			isa = XCSwiftPackageProductDependency;
			package = 7D47C1DA2DD69FA000D966E9 /* XCRemoteSwiftPackageReference "firebase-ios-sdk" */;
			productName = FirebaseAuth;
		};
		7D47C2B22DD6A60500D966E9 /* FirebaseAnalytics */ = {
			isa = XCSwiftPackageProductDependency;
			package = 7D47C1DA2DD69FA000D966E9 /* XCRemoteSwiftPackageReference "firebase-ios-sdk" */;
			productName = FirebaseAnalytics;
		};
		7D47C2B42DD6A60500D966E9 /* FirebaseAuth */ = {
			isa = XCSwiftPackageProductDependency;
			package = 7D47C1DA2DD69FA000D966E9 /* XCRemoteSwiftPackageReference "firebase-ios-sdk" */;
			productName = FirebaseAuth;
		};
		7D47C2B62DD6A60500D966E9 /* FirebaseCore */ = {
			isa = XCSwiftPackageProductDependency;
			package = 7D47C1DA2DD69FA000D966E9 /* XCRemoteSwiftPackageReference "firebase-ios-sdk" */;
			productName = FirebaseCore;
		};
		7D47C2B82DD6A60500D966E9 /* FirebaseFirestore */ = {
			isa = XCSwiftPackageProductDependency;
			package = 7D47C1DA2DD69FA000D966E9 /* XCRemoteSwiftPackageReference "firebase-ios-sdk" */;
			productName = FirebaseFirestore;
		};
		7D47C2BA2DD6A60500D966E9 /* FirebaseFirestoreCombine-Community */ = {
			isa = XCSwiftPackageProductDependency;
			package = 7D47C1DA2DD69FA000D966E9 /* XCRemoteSwiftPackageReference "firebase-ios-sdk" */;
			productName = "FirebaseFirestoreCombine-Community";
		};
		7DA4D8142DC18E3600E84241 /* SwiftTranslate */ = {
			isa = XCSwiftPackageProductDependency;
			package = 7DA4D8132DC18E3600E84241 /* XCRemoteSwiftPackageReference "SwiftTranslate" */;
			productName = SwiftTranslate;
		};
/* End XCSwiftPackageProductDependency section */
	};
	rootObject = 7DA172812CC06DC100B3C6E6 /* Project object */;
}
