{
  "originHash" : "135935a562f92b380dda45d5f0dde2936ed6036d597a46daf8c553dbb114e1ad",
  "pins" : [
    {
      "identity" : "keychainaccess",
      "kind" : "remoteSourceControl",
      "location" : "https://github.com/kishikawakatsumi/KeychainAccess.git",
      "state" : {
        "revision" : "84e546727d66f1adc5439debad16270d0fdd04e7",
        "version" : "4.2.2"
      }
    },
    {
      "identity" : "swifttranslate",
      "kind" : "remoteSourceControl",
      "location" : "https://github.com/SkiingIsFun123/SwiftTranslate",
      "state" : {
        "revision" : "095ffb874d4205d9b5936cdd00d1a9ba77d57206",
        "version" : "1.0.0"
      }
    }
  ],
  "version" : 3
}
